// !$*UTF8*$!
{
	archiveVersion = 1;
	classes = {
	};
	objectVersion = 56;
	objects = {

/* Begin PBXBuildFile section */
		3B0397302C77518D00A278C8 /* HomeViewModel.swift in Sources */ = {isa = PBXBuildFile; fileRef = 3B03972F2C77518D00A278C8 /* HomeViewModel.swift */; };
		3B0397402C7753E800A278C8 /* LeaguesViewController.swift in Sources */ = {isa = PBXBuildFile; fileRef = 3B03973F2C7753E800A278C8 /* LeaguesViewController.swift */; };
		3B16CB372C74BC3100F5DAC0 /* Sports.swift in Sources */ = {isa = PBXBuildFile; fileRef = 3B16CB362C74BC3100F5DAC0 /* Sports.swift */; };
		3B4DA21B2C792AB100B2594D /* LeaguesViewModel.swift in Sources */ = {isa = PBXBuildFile; fileRef = 3B4DA21A2C792AB100B2594D /* LeaguesViewModel.swift */; };
		3B4DA21D2C7A1B6100B2594D /* NetworkManager.swift in Sources */ = {isa = PBXBuildFile; fileRef = 3B4DA21C2C7A1B6100B2594D /* NetworkManager.swift */; };
		3B4DA2222C7A414100B2594D /* URL.swift in Sources */ = {isa = PBXBuildFile; fileRef = 3B4DA2212C7A414100B2594D /* URL.swift */; };
		3B51516B2C7F4DB400F2143A /* CoreDataService.swift in Sources */ = {isa = PBXBuildFile; fileRef = 3B51516A2C7F4DB400F2143A /* CoreDataService.swift */; };
		3B51516E2C7F532B00F2143A /* FavouriteLeagues.xcdatamodeld in Sources */ = {isa = PBXBuildFile; fileRef = 3B51516C2C7F532B00F2143A /* FavouriteLeagues.xcdatamodeld */; };
		3B5151732C7F617F00F2143A /* TeamDetailsVC.swift in Sources */ = {isa = PBXBuildFile; fileRef = 3B5151722C7F617F00F2143A /* TeamDetailsVC.swift */; };
		3B5151762C7F61A300F2143A /* PlayerCell.xib in Resources */ = {isa = PBXBuildFile; fileRef = 3B5151752C7F61A300F2143A /* PlayerCell.xib */; };
		3B5151772C7F61A300F2143A /* PlayerCell.swift in Sources */ = {isa = PBXBuildFile; fileRef = 3B5151742C7F61A300F2143A /* PlayerCell.swift */; };
		3B5151792C7F61CB00F2143A /* TeamDetailsViewModel.swift in Sources */ = {isa = PBXBuildFile; fileRef = 3B5151782C7F61CB00F2143A /* TeamDetailsViewModel.swift */; };
		3B847CF22C736B86000738F3 /* AppDelegate.swift in Sources */ = {isa = PBXBuildFile; fileRef = 3B847CF12C736B86000738F3 /* AppDelegate.swift */; };
		3B847CF42C736B86000738F3 /* SceneDelegate.swift in Sources */ = {isa = PBXBuildFile; fileRef = 3B847CF32C736B86000738F3 /* SceneDelegate.swift */; };
		3B847CF92C736B86000738F3 /* Base in Resources */ = {isa = PBXBuildFile; fileRef = 3B847CF82C736B86000738F3 /* Base */; };
		3B847CFB2C736B88000738F3 /* Assets.xcassets in Resources */ = {isa = PBXBuildFile; fileRef = 3B847CFA2C736B88000738F3 /* Assets.xcassets */; };
		3B847CFE2C736B88000738F3 /* Base in Resources */ = {isa = PBXBuildFile; fileRef = 3B847CFD2C736B88000738F3 /* Base */; };
		3B8798D72C7B71AF00CB77C0 /* FootballLeagues.swift in Sources */ = {isa = PBXBuildFile; fileRef = 3B8798D62C7B71AF00CB77C0 /* FootballLeagues.swift */; };
		3B8A75922C7F032E001A0A4E /* TeamModel.swift in Sources */ = {isa = PBXBuildFile; fileRef = 3B8A75912C7F032E001A0A4E /* TeamModel.swift */; };
		3BA0D7232C7D031C0014FD9D /* LeagueDetailsViewModel.swift in Sources */ = {isa = PBXBuildFile; fileRef = 3BA0D7222C7D031C0014FD9D /* LeagueDetailsViewModel.swift */; };
		3BA0D7252C7D04450014FD9D /* LeagueDetailsVC.swift in Sources */ = {isa = PBXBuildFile; fileRef = 3BA0D7242C7D04450014FD9D /* LeagueDetailsVC.swift */; };
		3BA0D7272C7D04890014FD9D /* SectionHeader.swift in Sources */ = {isa = PBXBuildFile; fileRef = 3BA0D7262C7D04890014FD9D /* SectionHeader.swift */; };
		3BA0D7292C7D0BC60014FD9D /* EventModel.swift in Sources */ = {isa = PBXBuildFile; fileRef = 3BA0D7282C7D0BC60014FD9D /* EventModel.swift */; };
		3BA0D72D2C7D0E9C0014FD9D /* EventCell.swift in Sources */ = {isa = PBXBuildFile; fileRef = 3BA0D72B2C7D0E9C0014FD9D /* EventCell.swift */; };
		3BA0D72E2C7D0E9C0014FD9D /* EventCell.xib in Resources */ = {isa = PBXBuildFile; fileRef = 3BA0D72C2C7D0E9C0014FD9D /* EventCell.xib */; };
		3BA0D7322C7D17690014FD9D /* TeamCell.swift in Sources */ = {isa = PBXBuildFile; fileRef = 3BA0D7302C7D17690014FD9D /* TeamCell.swift */; };
		3BA0D7332C7D17690014FD9D /* TeamCell.xib in Resources */ = {isa = PBXBuildFile; fileRef = 3BA0D7312C7D17690014FD9D /* TeamCell.xib */; };
		3BA0D7382C7D21590014FD9D /* NoEventCell.swift in Sources */ = {isa = PBXBuildFile; fileRef = 3BA0D7362C7D21590014FD9D /* NoEventCell.swift */; };
		3BA0D7392C7D21590014FD9D /* NoEventCell.xib in Resources */ = {isa = PBXBuildFile; fileRef = 3BA0D7372C7D21590014FD9D /* NoEventCell.xib */; };
		3BA42E7E2C74C81500B997BB /* HomeCollection.swift in Sources */ = {isa = PBXBuildFile; fileRef = 3BA42E7D2C74C81500B997BB /* HomeCollection.swift */; };
		3BA42E802C74CCFA00B997BB /* MyCollectionCell.swift in Sources */ = {isa = PBXBuildFile; fileRef = 3BA42E7F2C74CCFA00B997BB /* MyCollectionCell.swift */; };
		3BB29DD32C790A8900B18670 /* LeaguesCell.swift in Sources */ = {isa = PBXBuildFile; fileRef = 3BB29DD12C790A8900B18670 /* LeaguesCell.swift */; };
		3BB29DD42C790A8900B18670 /* LeaguesCell.xib in Resources */ = {isa = PBXBuildFile; fileRef = 3BB29DD22C790A8900B18670 /* LeaguesCell.xib */; };
		4AB2D624AEA20C0BFA4FA607 /* Pods_SportsMob.framework in Frameworks */ = {isa = PBXBuildFile; fileRef = 4716DF43A83D16D3B24FB25D /* Pods_SportsMob.framework */; };
/* End PBXBuildFile section */

/* Begin PBXFileReference section */
		18FBBFB54300F24091FCDD14 /* Pods-SportsMob.release.xcconfig */ = {isa = PBXFileReference; includeInIndex = 1; lastKnownFileType = text.xcconfig; name = "Pods-SportsMob.release.xcconfig"; path = "Target Support Files/Pods-SportsMob/Pods-SportsMob.release.xcconfig"; sourceTree = "<group>"; };
		3B03972F2C77518D00A278C8 /* HomeViewModel.swift */ = {isa = PBXFileReference; lastKnownFileType = sourcecode.swift; path = HomeViewModel.swift; sourceTree = "<group>"; };
		3B03973F2C7753E800A278C8 /* LeaguesViewController.swift */ = {isa = PBXFileReference; lastKnownFileType = sourcecode.swift; path = LeaguesViewController.swift; sourceTree = "<group>"; };
		3B16CB362C74BC3100F5DAC0 /* Sports.swift */ = {isa = PBXFileReference; lastKnownFileType = sourcecode.swift; path = Sports.swift; sourceTree = "<group>"; };
		3B4DA21A2C792AB100B2594D /* LeaguesViewModel.swift */ = {isa = PBXFileReference; lastKnownFileType = sourcecode.swift; path = LeaguesViewModel.swift; sourceTree = "<group>"; };
		3B4DA21C2C7A1B6100B2594D /* NetworkManager.swift */ = {isa = PBXFileReference; lastKnownFileType = sourcecode.swift; path = NetworkManager.swift; sourceTree = "<group>"; };
		3B4DA2212C7A414100B2594D /* URL.swift */ = {isa = PBXFileReference; lastKnownFileType = sourcecode.swift; path = URL.swift; sourceTree = "<group>"; };
		3B51516A2C7F4DB400F2143A /* CoreDataService.swift */ = {isa = PBXFileReference; lastKnownFileType = sourcecode.swift; path = CoreDataService.swift; sourceTree = "<group>"; };
		3B51516D2C7F532B00F2143A /* FavouriteLeagues.xcdatamodel */ = {isa = PBXFileReference; lastKnownFileType = wrapper.xcdatamodel; path = FavouriteLeagues.xcdatamodel; sourceTree = "<group>"; };
		3B5151722C7F617F00F2143A /* TeamDetailsVC.swift */ = {isa = PBXFileReference; lastKnownFileType = sourcecode.swift; path = TeamDetailsVC.swift; sourceTree = "<group>"; };
		3B5151742C7F61A300F2143A /* PlayerCell.swift */ = {isa = PBXFileReference; lastKnownFileType = sourcecode.swift; path = PlayerCell.swift; sourceTree = "<group>"; };
		3B5151752C7F61A300F2143A /* PlayerCell.xib */ = {isa = PBXFileReference; lastKnownFileType = file.xib; path = PlayerCell.xib; sourceTree = "<group>"; };
		3B5151782C7F61CB00F2143A /* TeamDetailsViewModel.swift */ = {isa = PBXFileReference; lastKnownFileType = sourcecode.swift; path = TeamDetailsViewModel.swift; sourceTree = "<group>"; };
		3B847CEE2C736B86000738F3 /* SportsMob.app */ = {isa = PBXFileReference; explicitFileType = wrapper.application; includeInIndex = 0; path = SportsMob.app; sourceTree = BUILT_PRODUCTS_DIR; };
		3B847CF12C736B86000738F3 /* AppDelegate.swift */ = {isa = PBXFileReference; lastKnownFileType = sourcecode.swift; path = AppDelegate.swift; sourceTree = "<group>"; };
		3B847CF32C736B86000738F3 /* SceneDelegate.swift */ = {isa = PBXFileReference; lastKnownFileType = sourcecode.swift; path = SceneDelegate.swift; sourceTree = "<group>"; };
		3B847CF82C736B86000738F3 /* Base */ = {isa = PBXFileReference; lastKnownFileType = file.storyboard; name = Base; path = Base.lproj/Main.storyboard; sourceTree = "<group>"; };
		3B847CFA2C736B88000738F3 /* Assets.xcassets */ = {isa = PBXFileReference; lastKnownFileType = folder.assetcatalog; path = Assets.xcassets; sourceTree = "<group>"; };
		3B847CFD2C736B88000738F3 /* Base */ = {isa = PBXFileReference; lastKnownFileType = file.storyboard; name = Base; path = Base.lproj/LaunchScreen.storyboard; sourceTree = "<group>"; };
		3B847CFF2C736B88000738F3 /* Info.plist */ = {isa = PBXFileReference; lastKnownFileType = text.plist.xml; path = Info.plist; sourceTree = "<group>"; };
		3B8798D62C7B71AF00CB77C0 /* FootballLeagues.swift */ = {isa = PBXFileReference; lastKnownFileType = sourcecode.swift; path = FootballLeagues.swift; sourceTree = "<group>"; };
		3B8A75912C7F032E001A0A4E /* TeamModel.swift */ = {isa = PBXFileReference; lastKnownFileType = sourcecode.swift; path = TeamModel.swift; sourceTree = "<group>"; };
		3BA0D7222C7D031C0014FD9D /* LeagueDetailsViewModel.swift */ = {isa = PBXFileReference; lastKnownFileType = sourcecode.swift; path = LeagueDetailsViewModel.swift; sourceTree = "<group>"; };
		3BA0D7242C7D04450014FD9D /* LeagueDetailsVC.swift */ = {isa = PBXFileReference; lastKnownFileType = sourcecode.swift; path = LeagueDetailsVC.swift; sourceTree = "<group>"; };
		3BA0D7262C7D04890014FD9D /* SectionHeader.swift */ = {isa = PBXFileReference; lastKnownFileType = sourcecode.swift; path = SectionHeader.swift; sourceTree = "<group>"; };
		3BA0D7282C7D0BC60014FD9D /* EventModel.swift */ = {isa = PBXFileReference; lastKnownFileType = sourcecode.swift; path = EventModel.swift; sourceTree = "<group>"; };
		3BA0D72B2C7D0E9C0014FD9D /* EventCell.swift */ = {isa = PBXFileReference; lastKnownFileType = sourcecode.swift; path = EventCell.swift; sourceTree = "<group>"; };
		3BA0D72C2C7D0E9C0014FD9D /* EventCell.xib */ = {isa = PBXFileReference; lastKnownFileType = file.xib; path = EventCell.xib; sourceTree = "<group>"; };
		3BA0D7302C7D17690014FD9D /* TeamCell.swift */ = {isa = PBXFileReference; lastKnownFileType = sourcecode.swift; path = TeamCell.swift; sourceTree = "<group>"; };
		3BA0D7312C7D17690014FD9D /* TeamCell.xib */ = {isa = PBXFileReference; lastKnownFileType = file.xib; path = TeamCell.xib; sourceTree = "<group>"; };
		3BA0D7362C7D21590014FD9D /* NoEventCell.swift */ = {isa = PBXFileReference; lastKnownFileType = sourcecode.swift; path = NoEventCell.swift; sourceTree = "<group>"; };
		3BA0D7372C7D21590014FD9D /* NoEventCell.xib */ = {isa = PBXFileReference; lastKnownFileType = file.xib; path = NoEventCell.xib; sourceTree = "<group>"; };
		3BA42E7D2C74C81500B997BB /* HomeCollection.swift */ = {isa = PBXFileReference; lastKnownFileType = sourcecode.swift; path = HomeCollection.swift; sourceTree = "<group>"; };
		3BA42E7F2C74CCFA00B997BB /* MyCollectionCell.swift */ = {isa = PBXFileReference; lastKnownFileType = sourcecode.swift; path = MyCollectionCell.swift; sourceTree = "<group>"; };
		3BB29DD12C790A8900B18670 /* LeaguesCell.swift */ = {isa = PBXFileReference; lastKnownFileType = sourcecode.swift; path = LeaguesCell.swift; sourceTree = "<group>"; };
		3BB29DD22C790A8900B18670 /* LeaguesCell.xib */ = {isa = PBXFileReference; lastKnownFileType = file.xib; path = LeaguesCell.xib; sourceTree = "<group>"; };
		4716DF43A83D16D3B24FB25D /* Pods_SportsMob.framework */ = {isa = PBXFileReference; explicitFileType = wrapper.framework; includeInIndex = 0; path = Pods_SportsMob.framework; sourceTree = BUILT_PRODUCTS_DIR; };
		D311CD1256A54A3E3ED20A25 /* Pods-SportsMob.debug.xcconfig */ = {isa = PBXFileReference; includeInIndex = 1; lastKnownFileType = text.xcconfig; name = "Pods-SportsMob.debug.xcconfig"; path = "Target Support Files/Pods-SportsMob/Pods-SportsMob.debug.xcconfig"; sourceTree = "<group>"; };
/* End PBXFileReference section */

/* Begin PBXFrameworksBuildPhase section */
		3B847CEB2C736B86000738F3 /* Frameworks */ = {
			isa = PBXFrameworksBuildPhase;
			buildActionMask = 2147483647;
			files = (
				4AB2D624AEA20C0BFA4FA607 /* Pods_SportsMob.framework in Frameworks */,
			);
			runOnlyForDeploymentPostprocessing = 0;
		};
/* End PBXFrameworksBuildPhase section */

/* Begin PBXGroup section */
		3B0397312C7751DD00A278C8 /* AllLeagues */ = {
			isa = PBXGroup;
			children = (
				3B0397322C7751F800A278C8 /* ViewModel */,
				3B0397382C77528000A278C8 /* View */,
			);
			path = AllLeagues;
			sourceTree = "<group>";
		};
		3B0397322C7751F800A278C8 /* ViewModel */ = {
			isa = PBXGroup;
			children = (
				3B4DA21A2C792AB100B2594D /* LeaguesViewModel.swift */,
			);
			path = ViewModel;
			sourceTree = "<group>";
		};
		3B0397382C77528000A278C8 /* View */ = {
			isa = PBXGroup;
			children = (
				3B03973F2C7753E800A278C8 /* LeaguesViewController.swift */,
				3BB29DD12C790A8900B18670 /* LeaguesCell.swift */,
				3BB29DD22C790A8900B18670 /* LeaguesCell.xib */,
			);
			path = View;
			sourceTree = "<group>";
		};
		3B0397452C777B6C00A278C8 /* Core */ = {
			isa = PBXGroup;
			children = (
				3B847CFA2C736B88000738F3 /* Assets.xcassets */,
				3B847CF32C736B86000738F3 /* SceneDelegate.swift */,
				3B847CF12C736B86000738F3 /* AppDelegate.swift */,
			);
			path = Core;
			sourceTree = "<group>";
		};
		3B16CB312C74B61200F5DAC0 /* Home */ = {
			isa = PBXGroup;
			children = (
				3B16CB322C74B62000F5DAC0 /* ViewModel */,
				3B16CB332C74B62B00F5DAC0 /* View */,
			);
			path = Home;
			sourceTree = "<group>";
		};
		3B16CB322C74B62000F5DAC0 /* ViewModel */ = {
			isa = PBXGroup;
			children = (
				3B03972F2C77518D00A278C8 /* HomeViewModel.swift */,
			);
			path = ViewModel;
			sourceTree = "<group>";
		};
		3B16CB332C74B62B00F5DAC0 /* View */ = {
			isa = PBXGroup;
			children = (
				3BA42E7D2C74C81500B997BB /* HomeCollection.swift */,
				3BA42E7F2C74CCFA00B997BB /* MyCollectionCell.swift */,
			);
			path = View;
			sourceTree = "<group>";
		};
		3B51516F2C7F613C00F2143A /* TeamDetails */ = {
			isa = PBXGroup;
			children = (
				3B5151712C7F615600F2143A /* View */,
				3B5151702C7F614700F2143A /* ViewModel */,
			);
			path = TeamDetails;
			sourceTree = "<group>";
		};
		3B5151702C7F614700F2143A /* ViewModel */ = {
			isa = PBXGroup;
			children = (
				3B5151782C7F61CB00F2143A /* TeamDetailsViewModel.swift */,
			);
			path = ViewModel;
			sourceTree = "<group>";
		};
		3B5151712C7F615600F2143A /* View */ = {
			isa = PBXGroup;
			children = (
				3B5151722C7F617F00F2143A /* TeamDetailsVC.swift */,
				3B5151742C7F61A300F2143A /* PlayerCell.swift */,
				3B5151752C7F61A300F2143A /* PlayerCell.xib */,
			);
			path = View;
			sourceTree = "<group>";
		};
		3B847CE52C736B86000738F3 = {
			isa = PBXGroup;
			children = (
				3B847CF02C736B86000738F3 /* SportsMob */,
				3B847CEF2C736B86000738F3 /* Products */,
				F80ED2D8009BED3520AF0FA2 /* Pods */,
				B7E18C83B9DE86EF8AAA9848 /* Frameworks */,
			);
			sourceTree = "<group>";
		};
		3B847CEF2C736B86000738F3 /* Products */ = {
			isa = PBXGroup;
			children = (
				3B847CEE2C736B86000738F3 /* SportsMob.app */,
			);
			name = Products;
			sourceTree = "<group>";
		};
		3B847CF02C736B86000738F3 /* SportsMob */ = {
			isa = PBXGroup;
			children = (
				3B847D5E2C73D2BE000738F3 /* Services */,
				3B847D5C2C73D2AC000738F3 /* Model */,
				3B847D5D2C73D2B7000738F3 /* View */,
				3B847D612C73D2D8000738F3 /* Modules */,
				3B0397452C777B6C00A278C8 /* Core */,
				3B847CFF2C736B88000738F3 /* Info.plist */,
				3B51516C2C7F532B00F2143A /* FavouriteLeagues.xcdatamodeld */,
			);
			path = SportsMob;
			sourceTree = "<group>";
		};
		3B847D5C2C73D2AC000738F3 /* Model */ = {
			isa = PBXGroup;
			children = (
				3B16CB362C74BC3100F5DAC0 /* Sports.swift */,
				3B8798D62C7B71AF00CB77C0 /* FootballLeagues.swift */,
				3BA0D7282C7D0BC60014FD9D /* EventModel.swift */,
				3B8A75912C7F032E001A0A4E /* TeamModel.swift */,
			);
			path = Model;
			sourceTree = "<group>";
		};
		3B847D5D2C73D2B7000738F3 /* View */ = {
			isa = PBXGroup;
			children = (
				3B847CF72C736B86000738F3 /* Main.storyboard */,
				3B847CFC2C736B88000738F3 /* LaunchScreen.storyboard */,
			);
			path = View;
			sourceTree = "<group>";
		};
		3B847D5E2C73D2BE000738F3 /* Services */ = {
			isa = PBXGroup;
			children = (
				3B847D602C73D2CF000738F3 /* Remote */,
				3B847D5F2C73D2C8000738F3 /* Local */,
			);
			path = Services;
			sourceTree = "<group>";
		};
		3B847D5F2C73D2C8000738F3 /* Local */ = {
			isa = PBXGroup;
			children = (
				3B51516A2C7F4DB400F2143A /* CoreDataService.swift */,
			);
			path = Local;
			sourceTree = "<group>";
		};
		3B847D602C73D2CF000738F3 /* Remote */ = {
			isa = PBXGroup;
			children = (
				3B4DA21C2C7A1B6100B2594D /* NetworkManager.swift */,
				3B4DA2212C7A414100B2594D /* URL.swift */,
			);
			path = Remote;
			sourceTree = "<group>";
		};
		3B847D612C73D2D8000738F3 /* Modules */ = {
			isa = PBXGroup;
			children = (
				3B51516F2C7F613C00F2143A /* TeamDetails */,
				3BA0D71F2C7D02B80014FD9D /* LeagueDetails */,
				3B0397312C7751DD00A278C8 /* AllLeagues */,
				3B16CB312C74B61200F5DAC0 /* Home */,
			);
			path = Modules;
			sourceTree = "<group>";
		};
		3BA0D71F2C7D02B80014FD9D /* LeagueDetails */ = {
			isa = PBXGroup;
			children = (
				3BA0D7212C7D03090014FD9D /* View */,
				3BA0D7202C7D02DD0014FD9D /* DetailsViewModel */,
			);
			path = LeagueDetails;
			sourceTree = "<group>";
		};
		3BA0D7202C7D02DD0014FD9D /* DetailsViewModel */ = {
			isa = PBXGroup;
			children = (
				3BA0D7222C7D031C0014FD9D /* LeagueDetailsViewModel.swift */,
			);
			path = DetailsViewModel;
			sourceTree = "<group>";
		};
		3BA0D7212C7D03090014FD9D /* View */ = {
			isa = PBXGroup;
			children = (
				3BA0D7242C7D04450014FD9D /* LeagueDetailsVC.swift */,
				3BA0D7262C7D04890014FD9D /* SectionHeader.swift */,
				3BA0D7352C7D21310014FD9D /* NoEventCell */,
				3BA0D72F2C7D174D0014FD9D /* TeamCell */,
				3BA0D72A2C7D0E330014FD9D /* EventCell */,
			);
			path = View;
			sourceTree = "<group>";
		};
		3BA0D72A2C7D0E330014FD9D /* EventCell */ = {
			isa = PBXGroup;
			children = (
				3BA0D72B2C7D0E9C0014FD9D /* EventCell.swift */,
				3BA0D72C2C7D0E9C0014FD9D /* EventCell.xib */,
			);
			path = EventCell;
			sourceTree = "<group>";
		};
		3BA0D72F2C7D174D0014FD9D /* TeamCell */ = {
			isa = PBXGroup;
			children = (
				3BA0D7302C7D17690014FD9D /* TeamCell.swift */,
				3BA0D7312C7D17690014FD9D /* TeamCell.xib */,
			);
			path = TeamCell;
			sourceTree = "<group>";
		};
		3BA0D7352C7D21310014FD9D /* NoEventCell */ = {
			isa = PBXGroup;
			children = (
				3BA0D7362C7D21590014FD9D /* NoEventCell.swift */,
				3BA0D7372C7D21590014FD9D /* NoEventCell.xib */,
			);
			path = NoEventCell;
			sourceTree = "<group>";
		};
		B7E18C83B9DE86EF8AAA9848 /* Frameworks */ = {
			isa = PBXGroup;
			children = (
				4716DF43A83D16D3B24FB25D /* Pods_SportsMob.framework */,
			);
			name = Frameworks;
			sourceTree = "<group>";
		};
		F80ED2D8009BED3520AF0FA2 /* Pods */ = {
			isa = PBXGroup;
			children = (
				D311CD1256A54A3E3ED20A25 /* Pods-SportsMob.debug.xcconfig */,
				18FBBFB54300F24091FCDD14 /* Pods-SportsMob.release.xcconfig */,
			);
			path = Pods;
			sourceTree = "<group>";
		};
/* End PBXGroup section */

/* Begin PBXNativeTarget section */
		3B847CED2C736B86000738F3 /* SportsMob */ = {
			isa = PBXNativeTarget;
			buildConfigurationList = 3B847D022C736B88000738F3 /* Build configuration list for PBXNativeTarget "SportsMob" */;
			buildPhases = (
				5EECA7987BDDA309E4BF0141 /* [CP] Check Pods Manifest.lock */,
				3B847CEA2C736B86000738F3 /* Sources */,
				3B847CEB2C736B86000738F3 /* Frameworks */,
				3B847CEC2C736B86000738F3 /* Resources */,
				BEEEDDC7AF0E8A1C6C923F88 /* [CP] Embed Pods Frameworks */,
			);
			buildRules = (
			);
			dependencies = (
			);
			name = SportsMob;
			productName = SportsMob;
			productReference = 3B847CEE2C736B86000738F3 /* SportsMob.app */;
			productType = "com.apple.product-type.application";
		};
/* End PBXNativeTarget section */

/* Begin PBXProject section */
		3B847CE62C736B86000738F3 /* Project object */ = {
			isa = PBXProject;
			attributes = {
				BuildIndependentTargetsInParallel = 1;
				LastSwiftUpdateCheck = 1540;
				LastUpgradeCheck = 1540;
				TargetAttributes = {
					3B847CED2C736B86000738F3 = {
						CreatedOnToolsVersion = 15.4;
					};
				};
			};
			buildConfigurationList = 3B847CE92C736B86000738F3 /* Build configuration list for PBXProject "SportsMob" */;
			compatibilityVersion = "Xcode 14.0";
			developmentRegion = en;
			hasScannedForEncodings = 0;
			knownRegions = (
				en,
				Base,
			);
			mainGroup = 3B847CE52C736B86000738F3;
			productRefGroup = 3B847CEF2C736B86000738F3 /* Products */;
			projectDirPath = "";
			projectRoot = "";
			targets = (
				3B847CED2C736B86000738F3 /* SportsMob */,
			);
		};
/* End PBXProject section */

/* Begin PBXResourcesBuildPhase section */
		3B847CEC2C736B86000738F3 /* Resources */ = {
			isa = PBXResourcesBuildPhase;
			buildActionMask = 2147483647;
			files = (
				3B847CFB2C736B88000738F3 /* Assets.xcassets in Resources */,
				3B847CFE2C736B88000738F3 /* Base in Resources */,
				3BB29DD42C790A8900B18670 /* LeaguesCell.xib in Resources */,
				3BA0D72E2C7D0E9C0014FD9D /* EventCell.xib in Resources */,
				3B5151762C7F61A300F2143A /* PlayerCell.xib in Resources */,
				3BA0D7332C7D17690014FD9D /* TeamCell.xib in Resources */,
				3BA0D7392C7D21590014FD9D /* NoEventCell.xib in Resources */,
				3B847CF92C736B86000738F3 /* Base in Resources */,
			);
			runOnlyForDeploymentPostprocessing = 0;
		};
/* End PBXResourcesBuildPhase section */

/* Begin PBXShellScriptBuildPhase section */
		5EECA7987BDDA309E4BF0141 /* [CP] Check Pods Manifest.lock */ = {
			isa = PBXShellScriptBuildPhase;
			buildActionMask = 2147483647;
			files = (
			);
			inputFileListPaths = (
			);
			inputPaths = (
				"${PODS_PODFILE_DIR_PATH}/Podfile.lock",
				"${PODS_ROOT}/Manifest.lock",
			);
			name = "[CP] Check Pods Manifest.lock";
			outputFileListPaths = (
			);
			outputPaths = (
				"$(DERIVED_FILE_DIR)/Pods-SportsMob-checkManifestLockResult.txt",
			);
			runOnlyForDeploymentPostprocessing = 0;
			shellPath = /bin/sh;
			shellScript = "diff \"${PODS_PODFILE_DIR_PATH}/Podfile.lock\" \"${PODS_ROOT}/Manifest.lock\" > /dev/null\nif [ $? != 0 ] ; then\n    # print error to STDERR\n    echo \"error: The sandbox is not in sync with the Podfile.lock. Run 'pod install' or update your CocoaPods installation.\" >&2\n    exit 1\nfi\n# This output is used by Xcode 'outputs' to avoid re-running this script phase.\necho \"SUCCESS\" > \"${SCRIPT_OUTPUT_FILE_0}\"\n";
			showEnvVarsInLog = 0;
		};
		BEEEDDC7AF0E8A1C6C923F88 /* [CP] Embed Pods Frameworks */ = {
			isa = PBXShellScriptBuildPhase;
			buildActionMask = 2147483647;
			files = (
			);
			inputFileListPaths = (
				"${PODS_ROOT}/Target Support Files/Pods-SportsMob/Pods-SportsMob-frameworks-${CONFIGURATION}-input-files.xcfilelist",
			);
			name = "[CP] Embed Pods Frameworks";
			outputFileListPaths = (
				"${PODS_ROOT}/Target Support Files/Pods-SportsMob/Pods-SportsMob-frameworks-${CONFIGURATION}-output-files.xcfilelist",
			);
			runOnlyForDeploymentPostprocessing = 0;
			shellPath = /bin/sh;
			shellScript = "\"${PODS_ROOT}/Target Support Files/Pods-SportsMob/Pods-SportsMob-frameworks.sh\"\n";
			showEnvVarsInLog = 0;
		};
/* End PBXShellScriptBuildPhase section */

/* Begin PBXSourcesBuildPhase section */
		3B847CEA2C736B86000738F3 /* Sources */ = {
			isa = PBXSourcesBuildPhase;
			buildActionMask = 2147483647;
			files = (
				3B5151772C7F61A300F2143A /* PlayerCell.swift in Sources */,
				3BA0D7252C7D04450014FD9D /* LeagueDetailsVC.swift in Sources */,
				3B16CB372C74BC3100F5DAC0 /* Sports.swift in Sources */,
				3B5151792C7F61CB00F2143A /* TeamDetailsViewModel.swift in Sources */,
				3B0397302C77518D00A278C8 /* HomeViewModel.swift in Sources */,
				3BA0D7232C7D031C0014FD9D /* LeagueDetailsViewModel.swift in Sources */,
				3BB29DD32C790A8900B18670 /* LeaguesCell.swift in Sources */,
				3BA0D7292C7D0BC60014FD9D /* EventModel.swift in Sources */,
				3B8798D72C7B71AF00CB77C0 /* FootballLeagues.swift in Sources */,
				3BA0D7382C7D21590014FD9D /* NoEventCell.swift in Sources */,
				3B51516B2C7F4DB400F2143A /* CoreDataService.swift in Sources */,
				3B4DA21B2C792AB100B2594D /* LeaguesViewModel.swift in Sources */,
				3B5151732C7F617F00F2143A /* TeamDetailsVC.swift in Sources */,
				3B4DA2222C7A414100B2594D /* URL.swift in Sources */,
				3B8A75922C7F032E001A0A4E /* TeamModel.swift in Sources */,
				3B51516E2C7F532B00F2143A /* FavouriteLeagues.xcdatamodeld in Sources */,
				3BA0D72D2C7D0E9C0014FD9D /* EventCell.swift in Sources */,
				3B4DA21D2C7A1B6100B2594D /* NetworkManager.swift in Sources */,
				3B847CF22C736B86000738F3 /* AppDelegate.swift in Sources */,
				3B0397402C7753E800A278C8 /* LeaguesViewController.swift in Sources */,
				3BA0D7272C7D04890014FD9D /* SectionHeader.swift in Sources */,
				3B847CF42C736B86000738F3 /* SceneDelegate.swift in Sources */,
				3BA42E7E2C74C81500B997BB /* HomeCollection.swift in Sources */,
				3BA42E802C74CCFA00B997BB /* MyCollectionCell.swift in Sources */,
				3BA0D7322C7D17690014FD9D /* TeamCell.swift in Sources */,
			);
			runOnlyForDeploymentPostprocessing = 0;
		};
/* End PBXSourcesBuildPhase section */

/* Begin PBXVariantGroup section */
		3B847CF72C736B86000738F3 /* Main.storyboard */ = {
			isa = PBXVariantGroup;
			children = (
				3B847CF82C736B86000738F3 /* Base */,
			);
			name = Main.storyboard;
			sourceTree = "<group>";
		};
		3B847CFC2C736B88000738F3 /* LaunchScreen.storyboard */ = {
			isa = PBXVariantGroup;
			children = (
				3B847CFD2C736B88000738F3 /* Base */,
			);
			name = LaunchScreen.storyboard;
			sourceTree = "<group>";
		};
/* End PBXVariantGroup section */

/* Begin XCBuildConfiguration section */
		3B847D002C736B88000738F3 /* Debug */ = {
			isa = XCBuildConfiguration;
			buildSettings = {
				ALWAYS_SEARCH_USER_PATHS = NO;
				ASSETCATALOG_COMPILER_GENERATE_SWIFT_ASSET_SYMBOL_EXTENSIONS = YES;
				CLANG_ANALYZER_NONNULL = YES;
				CLANG_ANALYZER_NUMBER_OBJECT_CONVERSION = YES_AGGRESSIVE;
				CLANG_CXX_LANGUAGE_STANDARD = "gnu++20";
				CLANG_ENABLE_MODULES = YES;
				CLANG_ENABLE_OBJC_ARC = YES;
				CLANG_ENABLE_OBJC_WEAK = YES;
				CLANG_WARN_BLOCK_CAPTURE_AUTORELEASING = YES;
				CLANG_WARN_BOOL_CONVERSION = YES;
				CLANG_WARN_COMMA = YES;
				CLANG_WARN_CONSTANT_CONVERSION = YES;
				CLANG_WARN_DEPRECATED_OBJC_IMPLEMENTATIONS = YES;
				CLANG_WARN_DIRECT_OBJC_ISA_USAGE = YES_ERROR;
				CLANG_WARN_DOCUMENTATION_COMMENTS = YES;
				CLANG_WARN_EMPTY_BODY = YES;
				CLANG_WARN_ENUM_CONVERSION = YES;
				CLANG_WARN_INFINITE_RECURSION = YES;
				CLANG_WARN_INT_CONVERSION = YES;
				CLANG_WARN_NON_LITERAL_NULL_CONVERSION = YES;
				CLANG_WARN_OBJC_IMPLICIT_RETAIN_SELF = YES;
				CLANG_WARN_OBJC_LITERAL_CONVERSION = YES;
				CLANG_WARN_OBJC_ROOT_CLASS = YES_ERROR;
				CLANG_WARN_QUOTED_INCLUDE_IN_FRAMEWORK_HEADER = YES;
				CLANG_WARN_RANGE_LOOP_ANALYSIS = YES;
				CLANG_WARN_STRICT_PROTOTYPES = YES;
				CLANG_WARN_SUSPICIOUS_MOVE = YES;
				CLANG_WARN_UNGUARDED_AVAILABILITY = YES_AGGRESSIVE;
				CLANG_WARN_UNREACHABLE_CODE = YES;
				CLANG_WARN__DUPLICATE_METHOD_MATCH = YES;
				COPY_PHASE_STRIP = NO;
				DEBUG_INFORMATION_FORMAT = dwarf;
				ENABLE_STRICT_OBJC_MSGSEND = YES;
				ENABLE_TESTABILITY = YES;
				ENABLE_USER_SCRIPT_SANDBOXING = YES;
				GCC_C_LANGUAGE_STANDARD = gnu17;
				GCC_DYNAMIC_NO_PIC = NO;
				GCC_NO_COMMON_BLOCKS = YES;
				GCC_OPTIMIZATION_LEVEL = 0;
				GCC_PREPROCESSOR_DEFINITIONS = (
					"DEBUG=1",
					"$(inherited)",
				);
				GCC_WARN_64_TO_32_BIT_CONVERSION = YES;
				GCC_WARN_ABOUT_RETURN_TYPE = YES_ERROR;
				GCC_WARN_UNDECLARED_SELECTOR = YES;
				GCC_WARN_UNINITIALIZED_AUTOS = YES_AGGRESSIVE;
				GCC_WARN_UNUSED_FUNCTION = YES;
				GCC_WARN_UNUSED_VARIABLE = YES;
				IPHONEOS_DEPLOYMENT_TARGET = 17.5;
				LOCALIZATION_PREFERS_STRING_CATALOGS = YES;
				MTL_ENABLE_DEBUG_INFO = INCLUDE_SOURCE;
				MTL_FAST_MATH = YES;
				ONLY_ACTIVE_ARCH = YES;
				SDKROOT = iphoneos;
				SWIFT_ACTIVE_COMPILATION_CONDITIONS = "DEBUG $(inherited)";
				SWIFT_OPTIMIZATION_LEVEL = "-Onone";
			};
			name = Debug;
		};
		3B847D012C736B88000738F3 /* Release */ = {
			isa = XCBuildConfiguration;
			buildSettings = {
				ALWAYS_SEARCH_USER_PATHS = NO;
				ASSETCATALOG_COMPILER_GENERATE_SWIFT_ASSET_SYMBOL_EXTENSIONS = YES;
				CLANG_ANALYZER_NONNULL = YES;
				CLANG_ANALYZER_NUMBER_OBJECT_CONVERSION = YES_AGGRESSIVE;
				CLANG_CXX_LANGUAGE_STANDARD = "gnu++20";
				CLANG_ENABLE_MODULES = YES;
				CLANG_ENABLE_OBJC_ARC = YES;
				CLANG_ENABLE_OBJC_WEAK = YES;
				CLANG_WARN_BLOCK_CAPTURE_AUTORELEASING = YES;
				CLANG_WARN_BOOL_CONVERSION = YES;
				CLANG_WARN_COMMA = YES;
				CLANG_WARN_CONSTANT_CONVERSION = YES;
				CLANG_WARN_DEPRECATED_OBJC_IMPLEMENTATIONS = YES;
				CLANG_WARN_DIRECT_OBJC_ISA_USAGE = YES_ERROR;
				CLANG_WARN_DOCUMENTATION_COMMENTS = YES;
				CLANG_WARN_EMPTY_BODY = YES;
				CLANG_WARN_ENUM_CONVERSION = YES;
				CLANG_WARN_INFINITE_RECURSION = YES;
				CLANG_WARN_INT_CONVERSION = YES;
				CLANG_WARN_NON_LITERAL_NULL_CONVERSION = YES;
				CLANG_WARN_OBJC_IMPLICIT_RETAIN_SELF = YES;
				CLANG_WARN_OBJC_LITERAL_CONVERSION = YES;
				CLANG_WARN_OBJC_ROOT_CLASS = YES_ERROR;
				CLANG_WARN_QUOTED_INCLUDE_IN_FRAMEWORK_HEADER = YES;
				CLANG_WARN_RANGE_LOOP_ANALYSIS = YES;
				CLANG_WARN_STRICT_PROTOTYPES = YES;
				CLANG_WARN_SUSPICIOUS_MOVE = YES;
				CLANG_WARN_UNGUARDED_AVAILABILITY = YES_AGGRESSIVE;
				CLANG_WARN_UNREACHABLE_CODE = YES;
				CLANG_WARN__DUPLICATE_METHOD_MATCH = YES;
				COPY_PHASE_STRIP = NO;
				DEBUG_INFORMATION_FORMAT = "dwarf-with-dsym";
				ENABLE_NS_ASSERTIONS = NO;
				ENABLE_STRICT_OBJC_MSGSEND = YES;
				ENABLE_USER_SCRIPT_SANDBOXING = YES;
				GCC_C_LANGUAGE_STANDARD = gnu17;
				GCC_NO_COMMON_BLOCKS = YES;
				GCC_WARN_64_TO_32_BIT_CONVERSION = YES;
				GCC_WARN_ABOUT_RETURN_TYPE = YES_ERROR;
				GCC_WARN_UNDECLARED_SELECTOR = YES;
				GCC_WARN_UNINITIALIZED_AUTOS = YES_AGGRESSIVE;
				GCC_WARN_UNUSED_FUNCTION = YES;
				GCC_WARN_UNUSED_VARIABLE = YES;
				IPHONEOS_DEPLOYMENT_TARGET = 17.5;
				LOCALIZATION_PREFERS_STRING_CATALOGS = YES;
				MTL_ENABLE_DEBUG_INFO = NO;
				MTL_FAST_MATH = YES;
				SDKROOT = iphoneos;
				SWIFT_COMPILATION_MODE = wholemodule;
				VALIDATE_PRODUCT = YES;
			};
			name = Release;
		};
		3B847D032C736B88000738F3 /* Debug */ = {
			isa = XCBuildConfiguration;
			baseConfigurationReference = D311CD1256A54A3E3ED20A25 /* Pods-SportsMob.debug.xcconfig */;
			buildSettings = {
				ASSETCATALOG_COMPILER_APPICON_NAME = AppIcon;
				ASSETCATALOG_COMPILER_GLOBAL_ACCENT_COLOR_NAME = AccentColor;
				CODE_SIGN_STYLE = Automatic;
				CURRENT_PROJECT_VERSION = 1;
				ENABLE_USER_SCRIPT_SANDBOXING = NO;
				GENERATE_INFOPLIST_FILE = YES;
				INFOPLIST_FILE = SportsMob/Info.plist;
				INFOPLIST_KEY_UIApplicationSupportsIndirectInputEvents = YES;
				INFOPLIST_KEY_UILaunchStoryboardName = LaunchScreen;
				INFOPLIST_KEY_UIMainStoryboardFile = Main;
				INFOPLIST_KEY_UISupportedInterfaceOrientations_iPad = "UIInterfaceOrientationPortrait UIInterfaceOrientationPortraitUpsideDown UIInterfaceOrientationLandscapeLeft UIInterfaceOrientationLandscapeRight";
				INFOPLIST_KEY_UISupportedInterfaceOrientations_iPhone = "UIInterfaceOrientationPortrait UIInterfaceOrientationLandscapeLeft UIInterfaceOrientationLandscapeRight";
				LD_RUNPATH_SEARCH_PATHS = (
					"$(inherited)",
					"@executable_path/Frameworks",
				);
				MARKETING_VERSION = 1.0;
				PRODUCT_BUNDLE_IDENTIFIER = sm7.SportsMob;
				PRODUCT_NAME = "$(TARGET_NAME)";
				SWIFT_EMIT_LOC_STRINGS = YES;
				SWIFT_VERSION = 5.0;
				TARGETED_DEVICE_FAMILY = "1,2";
			};
			name = Debug;
		};
		3B847D042C736B88000738F3 /* Release */ = {
			isa = XCBuildConfiguration;
			baseConfigurationReference = 18FBBFB54300F24091FCDD14 /* Pods-SportsMob.release.xcconfig */;
			buildSettings = {
				ASSETCATALOG_COMPILER_APPICON_NAME = AppIcon;
				ASSETCATALOG_COMPILER_GLOBAL_ACCENT_COLOR_NAME = AccentColor;
				CODE_SIGN_STYLE = Automatic;
				CURRENT_PROJECT_VERSION = 1;
				ENABLE_USER_SCRIPT_SANDBOXING = NO;
				GENERATE_INFOPLIST_FILE = YES;
				INFOPLIST_FILE = SportsMob/Info.plist;
				INFOPLIST_KEY_UIApplicationSupportsIndirectInputEvents = YES;
				INFOPLIST_KEY_UILaunchStoryboardName = LaunchScreen;
				INFOPLIST_KEY_UIMainStoryboardFile = Main;
				INFOPLIST_KEY_UISupportedInterfaceOrientations_iPad = "UIInterfaceOrientationPortrait UIInterfaceOrientationPortraitUpsideDown UIInterfaceOrientationLandscapeLeft UIInterfaceOrientationLandscapeRight";
				INFOPLIST_KEY_UISupportedInterfaceOrientations_iPhone = "UIInterfaceOrientationPortrait UIInterfaceOrientationLandscapeLeft UIInterfaceOrientationLandscapeRight";
				LD_RUNPATH_SEARCH_PATHS = (
					"$(inherited)",
					"@executable_path/Frameworks",
				);
				MARKETING_VERSION = 1.0;
				PRODUCT_BUNDLE_IDENTIFIER = sm7.SportsMob;
				PRODUCT_NAME = "$(TARGET_NAME)";
				SWIFT_EMIT_LOC_STRINGS = YES;
				SWIFT_VERSION = 5.0;
				TARGETED_DEVICE_FAMILY = "1,2";
			};
			name = Release;
		};
/* End XCBuildConfiguration section */

/* Begin XCConfigurationList section */
		3B847CE92C736B86000738F3 /* Build configuration list for PBXProject "SportsMob" */ = {
			isa = XCConfigurationList;
			buildConfigurations = (
				3B847D002C736B88000738F3 /* Debug */,
				3B847D012C736B88000738F3 /* Release */,
			);
			defaultConfigurationIsVisible = 0;
			defaultConfigurationName = Release;
		};
		3B847D022C736B88000738F3 /* Build configuration list for PBXNativeTarget "SportsMob" */ = {
			isa = XCConfigurationList;
			buildConfigurations = (
				3B847D032C736B88000738F3 /* Debug */,
				3B847D042C736B88000738F3 /* Release */,
			);
			defaultConfigurationIsVisible = 0;
			defaultConfigurationName = Release;
		};
/* End XCConfigurationList section */

/* Begin XCVersionGroup section */
		3B51516C2C7F532B00F2143A /* FavouriteLeagues.xcdatamodeld */ = {
			isa = XCVersionGroup;
			children = (
				3B51516D2C7F532B00F2143A /* FavouriteLeagues.xcdatamodel */,
			);
			currentVersion = 3B51516D2C7F532B00F2143A /* FavouriteLeagues.xcdatamodel */;
			name = FavouriteLeagues.xcdatamodeld;
			path = /Users/sayedmansour/Documents/SportsMob/SportsMob/FavouriteLeagues.xcdatamodeld;
			sourceTree = "<group>";
			versionGroupType = wrapper.xcdatamodel;
		};
/* End XCVersionGroup section */
	};
	rootObject = 3B847CE62C736B86000738F3 /* Project object */;
}
